
Microsoft Visual Studio Solution File, Format Version 12.00
# Visual Studio 15
VisualStudioVersion = 15.0.27703.2035
MinimumVisualStudioVersion = 10.0.40219.1
Project("{FAE04EC0-301F-11D3-BF4B-00C04F79EFBC}") = "Lab_10_antosev_ip71", "Lab_10_antosev_ip71\Lab_10_antosev_ip71.csproj", "{B3618139-C461-4CF5-B449-F1B67CB03FBA}"
EndProject
Global
	GlobalSection(SolutionConfigurationPlatforms) = preSolution
		Debug|Any CPU = Debug|Any CPU
		Release|Any CPU = Release|Any CPU
	EndGlobalSection
	GlobalSection(ProjectConfigurationPlatforms) = postSolution
		{B3618139-C461-4CF5-B449-F1B67CB03FBA}.Debug|Any CPU.ActiveCfg = Debug|Any CPU
		{B3618139-C461-4CF5-B449-F1B67CB03FBA}.Debug|Any CPU.Build.0 = Debug|Any CPU
		{B3618139-C461-4CF5-B449-F1B67CB03FBA}.Release|Any CPU.ActiveCfg = Release|Any CPU
		{B3618139-C461-4CF5-B449-F1B67CB03FBA}.Release|Any CPU.Build.0 = Release|Any CPU
	EndGlobalSection
	GlobalSection(SolutionProperties) = preSolution
		HideSolutionNode = FALSE
	EndGlobalSection
	GlobalSection(ExtensibilityGlobals) = postSolution
		SolutionGuid = {41B17EF2-316E-46D6-BF03-46CC5577B536}
	EndGlobalSection
EndGlobal
